
Microsoft Visual Studio Solution File, Format Version 12.00
# Visual Studio Version 16
VisualStudioVersion = 16.0.30804.86
MinimumVisualStudioVersion = 15.0.26124.0
Project("{2150E333-8FDC-42A3-9474-1A3956D46DE8}") = "domain", "domain", "{D592CC5A-BC94-4ABC-A1BA-08719D59270C}"
EndProject
Project("{FAE04EC0-301F-11D3-BF4B-00C04F79EFBC}") = "Store.Memory", "infrastructure\Store.Memory\Store.Memory.csproj", "{1B9893D9-8921-4182-ACE6-C20D7552C45A}"
EndProject
Project("{2150E333-8FDC-42A3-9474-1A3956D46DE8}") = "infrastructure", "infrastructure", "{0D340750-2AED-4D3F-A6F7-1C8CE4BB3CAC}"
EndProject
Project("{FAE04EC0-301F-11D3-BF4B-00C04F79EFBC}") = "Store", "Store\Store.csproj", "{162943EF-BCCB-40BA-A49E-A86082300BC9}"
EndProject
Global
	GlobalSection(SolutionConfigurationPlatforms) = preSolution
		Debug|Any CPU = Debug|Any CPU
		Debug|x64 = Debug|x64
		Debug|x86 = Debug|x86
		Release|Any CPU = Release|Any CPU
		Release|x64 = Release|x64
		Release|x86 = Release|x86
	EndGlobalSection
	GlobalSection(ProjectConfigurationPlatforms) = postSolution
		{1B9893D9-8921-4182-ACE6-C20D7552C45A}.Debug|Any CPU.ActiveCfg = Debug|Any CPU
		{1B9893D9-8921-4182-ACE6-C20D7552C45A}.Debug|Any CPU.Build.0 = Debug|Any CPU
		{1B9893D9-8921-4182-ACE6-C20D7552C45A}.Debug|x64.ActiveCfg = Debug|Any CPU
		{1B9893D9-8921-4182-ACE6-C20D7552C45A}.Debug|x64.Build.0 = Debug|Any CPU
		{1B9893D9-8921-4182-ACE6-C20D7552C45A}.Debug|x86.ActiveCfg = Debug|Any CPU
		{1B9893D9-8921-4182-ACE6-C20D7552C45A}.Debug|x86.Build.0 = Debug|Any CPU
		{1B9893D9-8921-4182-ACE6-C20D7552C45A}.Release|Any CPU.ActiveCfg = Release|Any CPU
		{1B9893D9-8921-4182-ACE6-C20D7552C45A}.Release|Any CPU.Build.0 = Release|Any CPU
		{1B9893D9-8921-4182-ACE6-C20D7552C45A}.Release|x64.ActiveCfg = Release|Any CPU
		{1B9893D9-8921-4182-ACE6-C20D7552C45A}.Release|x64.Build.0 = Release|Any CPU
		{1B9893D9-8921-4182-ACE6-C20D7552C45A}.Release|x86.ActiveCfg = Release|Any CPU
		{1B9893D9-8921-4182-ACE6-C20D7552C45A}.Release|x86.Build.0 = Release|Any CPU
		{162943EF-BCCB-40BA-A49E-A86082300BC9}.Debug|Any CPU.ActiveCfg = Debug|Any CPU
		{162943EF-BCCB-40BA-A49E-A86082300BC9}.Debug|Any CPU.Build.0 = Debug|Any CPU
		{162943EF-BCCB-40BA-A49E-A86082300BC9}.Debug|x64.ActiveCfg = Debug|Any CPU
		{162943EF-BCCB-40BA-A49E-A86082300BC9}.Debug|x64.Build.0 = Debug|Any CPU
		{162943EF-BCCB-40BA-A49E-A86082300BC9}.Debug|x86.ActiveCfg = Debug|Any CPU
		{162943EF-BCCB-40BA-A49E-A86082300BC9}.Debug|x86.Build.0 = Debug|Any CPU
		{162943EF-BCCB-40BA-A49E-A86082300BC9}.Release|Any CPU.ActiveCfg = Release|Any CPU
		{162943EF-BCCB-40BA-A49E-A86082300BC9}.Release|Any CPU.Build.0 = Release|Any CPU
		{162943EF-BCCB-40BA-A49E-A86082300BC9}.Release|x64.ActiveCfg = Release|Any CPU
		{162943EF-BCCB-40BA-A49E-A86082300BC9}.Release|x64.Build.0 = Release|Any CPU
		{162943EF-BCCB-40BA-A49E-A86082300BC9}.Release|x86.ActiveCfg = Release|Any CPU
		{162943EF-BCCB-40BA-A49E-A86082300BC9}.Release|x86.Build.0 = Release|Any CPU
	EndGlobalSection
	GlobalSection(SolutionProperties) = preSolution
		HideSolutionNode = FALSE
	EndGlobalSection
	GlobalSection(NestedProjects) = preSolution
		{1B9893D9-8921-4182-ACE6-C20D7552C45A} = {0D340750-2AED-4D3F-A6F7-1C8CE4BB3CAC}
		{162943EF-BCCB-40BA-A49E-A86082300BC9} = {D592CC5A-BC94-4ABC-A1BA-08719D59270C}
	EndGlobalSection
	GlobalSection(ExtensibilityGlobals) = postSolution
		SolutionGuid = {9C9E5ACF-678D-4827-AD9B-C64A75716CC9}
	EndGlobalSection
EndGlobal
